
Microsoft Visual Studio Solution File, Format Version 12.00
# Visual Studio Version 16
VisualStudioVersion = 16.0.30225.117
MinimumVisualStudioVersion = 10.0.40219.1
Project("{8BC9CEB8-8B4A-11D0-8D11-00A0C91BC942}") = "GameEngine", "GameEngine\GameEngine.vcxproj", "{56269203-D1D5-4E50-BB37-1D17CEE3E38D}"
EndProject
Global
	GlobalSection(SolutionConfigurationPlatforms) = preSolution
		Debug|x64 = Debug|x64
		Debug|x86 = Debug|x86
		Release|x64 = Release|x64
		Release|x86 = Release|x86
	EndGlobalSection
	GlobalSection(ProjectConfigurationPlatforms) = postSolution
		{56269203-D1D5-4E50-BB37-1D17CEE3E38D}.Debug|x64.ActiveCfg = Debug|x64
		{56269203-D1D5-4E50-BB37-1D17CEE3E38D}.Debug|x64.Build.0 = Debug|x64
		{56269203-D1D5-4E50-BB37-1D17CEE3E38D}.Debug|x86.ActiveCfg = Debug|Win32
		{56269203-D1D5-4E50-BB37-1D17CEE3E38D}.Debug|x86.Build.0 = Debug|Win32
		{56269203-D1D5-4E50-BB37-1D17CEE3E38D}.Release|x64.ActiveCfg = Release|x64
		{56269203-D1D5-4E50-BB37-1D17CEE3E38D}.Release|x64.Build.0 = Release|x64
		{56269203-D1D5-4E50-BB37-1D17CEE3E38D}.Release|x86.ActiveCfg = Release|Win32
		{56269203-D1D5-4E50-BB37-1D17CEE3E38D}.Release|x86.Build.0 = Release|Win32
	EndGlobalSection
	GlobalSection(SolutionProperties) = preSolution
		HideSolutionNode = FALSE
	EndGlobalSection
	GlobalSection(ExtensibilityGlobals) = postSolution
		SolutionGuid = {A8E3CC65-4598-4EF1-A865-374F8AE0DFD2}
	EndGlobalSection
EndGlobal
